
Microsoft Visual Studio Solution File, Format Version 12.00
# Visual Studio Version 17
VisualStudioVersion = 17.0.31611.283
MinimumVisualStudioVersion = 10.0.40219.1
Project("{9A19103F-16F7-4668-BE54-9A1E7A4F7556}") = "BeamCalculator", "BeamCalculator\BeamCalculator.csproj", "{A5AF3E0F-90E9-4507-9382-78EE344140FE}"
EndProject
Project("{FAE04EC0-301F-11D3-BF4B-00C04F79EFBC}") = "Triangle", "Triangle\Triangle.csproj", "{BA3BED49-EF99-477A-BEC8-16547CAE753D}"
EndProject
Global
	GlobalSection(SolutionConfigurationPlatforms) = preSolution
		Debug|Any CPU = Debug|Any CPU
		Debug|x64 = Debug|x64
		Release|Any CPU = Release|Any CPU
		Release|x64 = Release|x64
	EndGlobalSection
	GlobalSection(ProjectConfigurationPlatforms) = postSolution
		{A5AF3E0F-90E9-4507-9382-78EE344140FE}.Debug|Any CPU.ActiveCfg = Debug|Any CPU
		{A5AF3E0F-90E9-4507-9382-78EE344140FE}.Debug|Any CPU.Build.0 = Debug|Any CPU
		{A5AF3E0F-90E9-4507-9382-78EE344140FE}.Debug|Any CPU.Deploy.0 = Debug|Any CPU
		{A5AF3E0F-90E9-4507-9382-78EE344140FE}.Debug|x64.ActiveCfg = Debug|Any CPU
		{A5AF3E0F-90E9-4507-9382-78EE344140FE}.Debug|x64.Build.0 = Debug|Any CPU
		{A5AF3E0F-90E9-4507-9382-78EE344140FE}.Debug|x64.Deploy.0 = Debug|Any CPU
		{A5AF3E0F-90E9-4507-9382-78EE344140FE}.Release|Any CPU.ActiveCfg = Release|Any CPU
		{A5AF3E0F-90E9-4507-9382-78EE344140FE}.Release|Any CPU.Build.0 = Release|Any CPU
		{A5AF3E0F-90E9-4507-9382-78EE344140FE}.Release|Any CPU.Deploy.0 = Release|Any CPU
		{A5AF3E0F-90E9-4507-9382-78EE344140FE}.Release|x64.ActiveCfg = Release|Any CPU
		{A5AF3E0F-90E9-4507-9382-78EE344140FE}.Release|x64.Build.0 = Release|Any CPU
		{A5AF3E0F-90E9-4507-9382-78EE344140FE}.Release|x64.Deploy.0 = Release|Any CPU
		{BA3BED49-EF99-477A-BEC8-16547CAE753D}.Debug|Any CPU.ActiveCfg = Debug|Any CPU
		{BA3BED49-EF99-477A-BEC8-16547CAE753D}.Debug|Any CPU.Build.0 = Debug|Any CPU
		{BA3BED49-EF99-477A-BEC8-16547CAE753D}.Debug|x64.ActiveCfg = Debug|Any CPU
		{BA3BED49-EF99-477A-BEC8-16547CAE753D}.Debug|x64.Build.0 = Debug|Any CPU
		{BA3BED49-EF99-477A-BEC8-16547CAE753D}.Release|Any CPU.ActiveCfg = Release|Any CPU
		{BA3BED49-EF99-477A-BEC8-16547CAE753D}.Release|Any CPU.Build.0 = Release|Any CPU
		{BA3BED49-EF99-477A-BEC8-16547CAE753D}.Release|x64.ActiveCfg = Release|Any CPU
		{BA3BED49-EF99-477A-BEC8-16547CAE753D}.Release|x64.Build.0 = Release|Any CPU
	EndGlobalSection
	GlobalSection(SolutionProperties) = preSolution
		HideSolutionNode = FALSE
	EndGlobalSection
	GlobalSection(ExtensibilityGlobals) = postSolution
		SolutionGuid = {61F7FB11-1E47-470C-91E2-47F8143E1572}
	EndGlobalSection
EndGlobal
